// !$*UTF8*$!
{
	archiveVersion = 1;
	classes = {
	};
	objectVersion = 46;
	objects = {

/* Begin PBXBuildFile section */
		2C11BD521E5F9C5A004A786F /* RightMenuVC.swift in Sources */ = {isa = PBXBuildFile; fileRef = 2C11BD511E5F9C5A004A786F /* RightMenuVC.swift */; };
		2C11BD541E5F9C96004A786F /* MainVC.swift in Sources */ = {isa = PBXBuildFile; fileRef = 2C11BD531E5F9C96004A786F /* MainVC.swift */; };
		2C21331F1E5ED869002F267D /* AppDelegate.swift in Sources */ = {isa = PBXBuildFile; fileRef = 2C21331E1E5ED869002F267D /* AppDelegate.swift */; };
		2C2133241E5ED869002F267D /* Main.storyboard in Resources */ = {isa = PBXBuildFile; fileRef = 2C2133221E5ED869002F267D /* Main.storyboard */; };
		2C2133261E5ED869002F267D /* Assets.xcassets in Resources */ = {isa = PBXBuildFile; fileRef = 2C2133251E5ED869002F267D /* Assets.xcassets */; };
		2C2133291E5ED869002F267D /* LaunchScreen.storyboard in Resources */ = {isa = PBXBuildFile; fileRef = 2C2133271E5ED869002F267D /* LaunchScreen.storyboard */; };
		2C21335F1E5EDF13002F267D /* AppDelegate.swift in Sources */ = {isa = PBXBuildFile; fileRef = 2C21335E1E5EDF13002F267D /* AppDelegate.swift */; };
		2C2133641E5EDF13002F267D /* Main.storyboard in Resources */ = {isa = PBXBuildFile; fileRef = 2C2133621E5EDF13002F267D /* Main.storyboard */; };
		2C2133661E5EDF13002F267D /* Assets.xcassets in Resources */ = {isa = PBXBuildFile; fileRef = 2C2133651E5EDF13002F267D /* Assets.xcassets */; };
		2C3C266E1F233025000B82AF /* StorageController.swift in Sources */ = {isa = PBXBuildFile; fileRef = 2C3C266D1F233025000B82AF /* StorageController.swift */; };
		2C3C26701F233051000B82AF /* StorageCell.swift in Sources */ = {isa = PBXBuildFile; fileRef = 2C3C266F1F233051000B82AF /* StorageCell.swift */; };
		2C3C26721F2348E4000B82AF /* FolderController.swift in Sources */ = {isa = PBXBuildFile; fileRef = 2C3C26711F2348E4000B82AF /* FolderController.swift */; };
		2C80B9491E60D2A300F44E56 /* ActionSheet.swift in Sources */ = {isa = PBXBuildFile; fileRef = 2C80B9471E60D2A300F44E56 /* ActionSheet.swift */; };
		2C80B94A1E60D2A300F44E56 /* ActionSheet.xib in Resources */ = {isa = PBXBuildFile; fileRef = 2C80B9481E60D2A300F44E56 /* ActionSheet.xib */; };
		2C80B96F1E60D9E300F44E56 /* AVFoundation.framework in Frameworks */ = {isa = PBXBuildFile; fileRef = 2C80B96B1E60D99A00F44E56 /* AVFoundation.framework */; };
		2C9347FA1F21FE1200593EF2 /* logo.png in Resources */ = {isa = PBXBuildFile; fileRef = 2C9347F91F21FE1200593EF2 /* logo.png */; };
		2C93480A1F224EA400593EF2 /* CalibreWeb-Black.TTF in Resources */ = {isa = PBXBuildFile; fileRef = 2C9347FC1F224EA400593EF2 /* CalibreWeb-Black.TTF */; };
		2C93480B1F224EA400593EF2 /* CalibreWeb-BlackItalic.TTF in Resources */ = {isa = PBXBuildFile; fileRef = 2C9347FD1F224EA400593EF2 /* CalibreWeb-BlackItalic.TTF */; };
		2C93480C1F224EA400593EF2 /* CalibreWeb-Bold.TTF in Resources */ = {isa = PBXBuildFile; fileRef = 2C9347FE1F224EA400593EF2 /* CalibreWeb-Bold.TTF */; };
		2C93480D1F224EA400593EF2 /* CalibreWeb-BoldItalic.TTF in Resources */ = {isa = PBXBuildFile; fileRef = 2C9347FF1F224EA400593EF2 /* CalibreWeb-BoldItalic.TTF */; };
		2C93480E1F224EA400593EF2 /* CalibreWeb-Italic.TTF in Resources */ = {isa = PBXBuildFile; fileRef = 2C9348001F224EA400593EF2 /* CalibreWeb-Italic.TTF */; };
		2C93480F1F224EA400593EF2 /* CalibreWeb-Light.TTF in Resources */ = {isa = PBXBuildFile; fileRef = 2C9348011F224EA400593EF2 /* CalibreWeb-Light.TTF */; };
		2C9348101F224EA400593EF2 /* CalibreWeb-LightItalic.TTF in Resources */ = {isa = PBXBuildFile; fileRef = 2C9348021F224EA400593EF2 /* CalibreWeb-LightItalic.TTF */; };
		2C9348111F224EA400593EF2 /* CalibreWeb-Medium.TTF in Resources */ = {isa = PBXBuildFile; fileRef = 2C9348031F224EA400593EF2 /* CalibreWeb-Medium.TTF */; };
		2C9348121F224EA400593EF2 /* CalibreWeb-MediumItalic.TTF in Resources */ = {isa = PBXBuildFile; fileRef = 2C9348041F224EA400593EF2 /* CalibreWeb-MediumItalic.TTF */; };
		2C9348131F224EA400593EF2 /* CalibreWeb-Regular.TTF in Resources */ = {isa = PBXBuildFile; fileRef = 2C9348051F224EA400593EF2 /* CalibreWeb-Regular.TTF */; };
		2C9348141F224EA400593EF2 /* CalibreWeb-Semibold.TTF in Resources */ = {isa = PBXBuildFile; fileRef = 2C9348061F224EA400593EF2 /* CalibreWeb-Semibold.TTF */; };
		2C9348151F224EA400593EF2 /* CalibreWeb-SemiboldItalic.TTF in Resources */ = {isa = PBXBuildFile; fileRef = 2C9348071F224EA400593EF2 /* CalibreWeb-SemiboldItalic.TTF */; };
		2C9348161F224EA400593EF2 /* CalibreWeb-Thin.TTF in Resources */ = {isa = PBXBuildFile; fileRef = 2C9348081F224EA400593EF2 /* CalibreWeb-Thin.TTF */; };
		2C9348171F224EA400593EF2 /* CalibreWeb-ThinItalic.TTF in Resources */ = {isa = PBXBuildFile; fileRef = 2C9348091F224EA400593EF2 /* CalibreWeb-ThinItalic.TTF */; };
		2C9549A71E5F2B1800A23CC5 /* TMDB.m in Sources */ = {isa = PBXBuildFile; fileRef = 2C9549A61E5F2B1800A23CC5 /* TMDB.m */; };
		2C9549A91E5F32D100A23CC5 /* libiconv.tbd in Frameworks */ = {isa = PBXBuildFile; fileRef = 2C9549A81E5F32D100A23CC5 /* libiconv.tbd */; };
		2C9549AA1E5F33AF00A23CC5 /* TMDB.m in Sources */ = {isa = PBXBuildFile; fileRef = 2C9549A61E5F2B1800A23CC5 /* TMDB.m */; };
		2C954A081E5F65CD00A23CC5 /* UIColorExtensions.swift in Sources */ = {isa = PBXBuildFile; fileRef = 2C954A041E5F65CD00A23CC5 /* UIColorExtensions.swift */; };
		2C954A091E5F65CD00A23CC5 /* UIFontExtensions.swift in Sources */ = {isa = PBXBuildFile; fileRef = 2C954A051E5F65CD00A23CC5 /* UIFontExtensions.swift */; };
		2C954A0A1E5F65CD00A23CC5 /* UIViewControllerExtensions.swift in Sources */ = {isa = PBXBuildFile; fileRef = 2C954A061E5F65CD00A23CC5 /* UIViewControllerExtensions.swift */; };
		2C954A0B1E5F65CD00A23CC5 /* UIViewExtensions.swift in Sources */ = {isa = PBXBuildFile; fileRef = 2C954A071E5F65CD00A23CC5 /* UIViewExtensions.swift */; };
		2C954A0C1E5F65D600A23CC5 /* UIColorExtensions.swift in Sources */ = {isa = PBXBuildFile; fileRef = 2C954A041E5F65CD00A23CC5 /* UIColorExtensions.swift */; };
		2C954A0D1E5F65D600A23CC5 /* UIFontExtensions.swift in Sources */ = {isa = PBXBuildFile; fileRef = 2C954A051E5F65CD00A23CC5 /* UIFontExtensions.swift */; };
		2C954A0E1E5F65D600A23CC5 /* UIViewControllerExtensions.swift in Sources */ = {isa = PBXBuildFile; fileRef = 2C954A061E5F65CD00A23CC5 /* UIViewControllerExtensions.swift */; };
		2C954A0F1E5F65D600A23CC5 /* UIViewExtensions.swift in Sources */ = {isa = PBXBuildFile; fileRef = 2C954A071E5F65CD00A23CC5 /* UIViewExtensions.swift */; };
		2C9D1D201E65614100E6B882 /* TrackController.swift in Sources */ = {isa = PBXBuildFile; fileRef = 2C9D1D1F1E65614100E6B882 /* TrackController.swift */; };
		2C9D1D211E65614100E6B882 /* TrackController.swift in Sources */ = {isa = PBXBuildFile; fileRef = 2C9D1D1F1E65614100E6B882 /* TrackController.swift */; };
		2CA603F41E604A4F00335545 /* ContentController.swift in Sources */ = {isa = PBXBuildFile; fileRef = 2CA603F31E604A4F00335545 /* ContentController.swift */; };
		2CA603F61E604D5700335545 /* ContentCell.swift in Sources */ = {isa = PBXBuildFile; fileRef = 2CA603F51E604D5700335545 /* ContentCell.swift */; };
		2CA604041E60674400335545 /* LGAlertView.m in Sources */ = {isa = PBXBuildFile; fileRef = 2CA603FA1E60674400335545 /* LGAlertView.m */; };
		2CA604051E60674400335545 /* LGAlertView.xib in Resources */ = {isa = PBXBuildFile; fileRef = 2CA603FB1E60674400335545 /* LGAlertView.xib */; };
		2CA604061E60674400335545 /* LGDecoratedAlertView.xib in Resources */ = {isa = PBXBuildFile; fileRef = 2CA603FC1E60674400335545 /* LGDecoratedAlertView.xib */; };
		2CA604071E60674400335545 /* LGProgressAlertView.xib in Resources */ = {isa = PBXBuildFile; fileRef = 2CA603FD1E60674400335545 /* LGProgressAlertView.xib */; };
		2CA604081E60674400335545 /* LGProgressView.m in Sources */ = {isa = PBXBuildFile; fileRef = 2CA603FF1E60674400335545 /* LGProgressView.m */; };
		2CA604091E60674400335545 /* LGTextFieldAlertView.xib in Resources */ = {isa = PBXBuildFile; fileRef = 2CA604001E60674400335545 /* LGTextFieldAlertView.xib */; };
		2CA6040A1E60674400335545 /* LGVAlertView.xib in Resources */ = {isa = PBXBuildFile; fileRef = 2CA604011E60674400335545 /* LGVAlertView.xib */; };
		2CA6040B1E60674400335545 /* NSPointerArray+AbstractionHelpers.m in Sources */ = {isa = PBXBuildFile; fileRef = 2CA604031E60674400335545 /* NSPointerArray+AbstractionHelpers.m */; };
		2CA6040E1E60675A00335545 /* PasswordInput.swift in Sources */ = {isa = PBXBuildFile; fileRef = 2CA6040C1E60675A00335545 /* PasswordInput.swift */; };
		2CA6040F1E60675A00335545 /* PasswordInput.xib in Resources */ = {isa = PBXBuildFile; fileRef = 2CA6040D1E60675A00335545 /* PasswordInput.xib */; };
		2CA604111E60679500335545 /* TextFieldContainer.swift in Sources */ = {isa = PBXBuildFile; fileRef = 2CA604101E60679500335545 /* TextFieldContainer.swift */; };
		2CA604151E60906B00335545 /* AddShareController.swift in Sources */ = {isa = PBXBuildFile; fileRef = 2CA604131E60906B00335545 /* AddShareController.swift */; };
		2CA604161E60906B00335545 /* DeviceController.swift in Sources */ = {isa = PBXBuildFile; fileRef = 2CA604141E60906B00335545 /* DeviceController.swift */; };
		2CA604171E60907200335545 /* AddShareController.swift in Sources */ = {isa = PBXBuildFile; fileRef = 2CA604131E60906B00335545 /* AddShareController.swift */; };
		2CA604181E60907200335545 /* DeviceController.swift in Sources */ = {isa = PBXBuildFile; fileRef = 2CA604141E60906B00335545 /* DeviceController.swift */; };
		2CA6041C1E60911200335545 /* InfoViewController.swift in Sources */ = {isa = PBXBuildFile; fileRef = 2CA604191E60911200335545 /* InfoViewController.swift */; };
		2CA6041D1E60911200335545 /* SearchCell.swift in Sources */ = {isa = PBXBuildFile; fileRef = 2CA6041A1E60911200335545 /* SearchCell.swift */; };
		2CA6041E1E60911200335545 /* SearchInfoController.swift in Sources */ = {isa = PBXBuildFile; fileRef = 2CA6041B1E60911200335545 /* SearchInfoController.swift */; };
		2CA604201E60911700335545 /* SearchCell.swift in Sources */ = {isa = PBXBuildFile; fileRef = 2CA6041A1E60911200335545 /* SearchCell.swift */; };
		2CA604211E60911700335545 /* SearchInfoController.swift in Sources */ = {isa = PBXBuildFile; fileRef = 2CA6041B1E60911200335545 /* SearchInfoController.swift */; };
		2CAF5C881E6460C6005EA70C /* Node.swift in Sources */ = {isa = PBXBuildFile; fileRef = 2CAF5C871E6460C6005EA70C /* Node.swift */; };
		2CAF5C891E6460C6005EA70C /* Node.swift in Sources */ = {isa = PBXBuildFile; fileRef = 2CAF5C871E6460C6005EA70C /* Node.swift */; };
		2CAF5C8C1E649BAD005EA70C /* Share+CoreDataClass.swift in Sources */ = {isa = PBXBuildFile; fileRef = 2CAF5C8A1E649BAD005EA70C /* Share+CoreDataClass.swift */; };
		2CAF5C8D1E649BAD005EA70C /* Share+CoreDataClass.swift in Sources */ = {isa = PBXBuildFile; fileRef = 2CAF5C8A1E649BAD005EA70C /* Share+CoreDataClass.swift */; };
		2CAF5C8E1E649BAD005EA70C /* Share+CoreDataProperties.swift in Sources */ = {isa = PBXBuildFile; fileRef = 2CAF5C8B1E649BAD005EA70C /* Share+CoreDataProperties.swift */; };
		2CAF5C8F1E649BAD005EA70C /* Share+CoreDataProperties.swift in Sources */ = {isa = PBXBuildFile; fileRef = 2CAF5C8B1E649BAD005EA70C /* Share+CoreDataProperties.swift */; };
		2CC0D9551E5EFD6100254181 /* CloudKit.framework in Frameworks */ = {isa = PBXBuildFile; fileRef = 2CC0D9541E5EFD6100254181 /* CloudKit.framework */; };
		2CC0D9571E5EFD6A00254181 /* CloudKit.framework in Frameworks */ = {isa = PBXBuildFile; fileRef = 2CC0D9561E5EFD6A00254181 /* CloudKit.framework */; };
		2CC0D95A1E5EFDD500254181 /* WDContent.xcdatamodeld in Sources */ = {isa = PBXBuildFile; fileRef = 2CC0D9581E5EFDD500254181 /* WDContent.xcdatamodeld */; };
		2CC0D95B1E5EFDD500254181 /* WDContent.xcdatamodeld in Sources */ = {isa = PBXBuildFile; fileRef = 2CC0D9581E5EFDD500254181 /* WDContent.xcdatamodeld */; };
		2CC0D9621E5F013A00254181 /* MetaInfo+CoreDataClass.swift in Sources */ = {isa = PBXBuildFile; fileRef = 2CC0D95C1E5F013A00254181 /* MetaInfo+CoreDataClass.swift */; };
		2CC0D9631E5F013A00254181 /* MetaInfo+CoreDataClass.swift in Sources */ = {isa = PBXBuildFile; fileRef = 2CC0D95C1E5F013A00254181 /* MetaInfo+CoreDataClass.swift */; };
		2CC0D9641E5F013A00254181 /* MetaInfo+CoreDataProperties.swift in Sources */ = {isa = PBXBuildFile; fileRef = 2CC0D95D1E5F013A00254181 /* MetaInfo+CoreDataProperties.swift */; };
		2CC0D9651E5F013A00254181 /* MetaInfo+CoreDataProperties.swift in Sources */ = {isa = PBXBuildFile; fileRef = 2CC0D95D1E5F013A00254181 /* MetaInfo+CoreDataProperties.swift */; };
		2CC0D96F1E5F01A900254181 /* Model.swift in Sources */ = {isa = PBXBuildFile; fileRef = 2CC0D96E1E5F01A900254181 /* Model.swift */; };
		2CC0D9701E5F01A900254181 /* Model.swift in Sources */ = {isa = PBXBuildFile; fileRef = 2CC0D96E1E5F01A900254181 /* Model.swift */; };
		2CC0D9A01E5F107000254181 /* SMBConnection.m in Sources */ = {isa = PBXBuildFile; fileRef = 2CC0D9961E5F107000254181 /* SMBConnection.m */; };
		2CC0D9A11E5F107000254181 /* SMBConnection.m in Sources */ = {isa = PBXBuildFile; fileRef = 2CC0D9961E5F107000254181 /* SMBConnection.m */; };
		2CC0D9A41E5F107000254181 /* TONetBIOSNameService.m in Sources */ = {isa = PBXBuildFile; fileRef = 2CC0D99A1E5F107000254181 /* TONetBIOSNameService.m */; };
		2CC0D9A51E5F107000254181 /* TONetBIOSNameService.m in Sources */ = {isa = PBXBuildFile; fileRef = 2CC0D99A1E5F107000254181 /* TONetBIOSNameService.m */; };
		2CC0D9A61E5F107000254181 /* TONetBIOSNameServiceEntry.m in Sources */ = {isa = PBXBuildFile; fileRef = 2CC0D99C1E5F107000254181 /* TONetBIOSNameServiceEntry.m */; };
		2CC0D9A71E5F107000254181 /* TONetBIOSNameServiceEntry.m in Sources */ = {isa = PBXBuildFile; fileRef = 2CC0D99C1E5F107000254181 /* TONetBIOSNameServiceEntry.m */; };
		2CC0D9A81E5F107000254181 /* TOSMBConstants.m in Sources */ = {isa = PBXBuildFile; fileRef = 2CC0D99F1E5F107000254181 /* TOSMBConstants.m */; };
		2CC0D9A91E5F107000254181 /* TOSMBConstants.m in Sources */ = {isa = PBXBuildFile; fileRef = 2CC0D99F1E5F107000254181 /* TOSMBConstants.m */; };
		2CC0D9B91E5F12D100254181 /* libiconv.tbd in Frameworks */ = {isa = PBXBuildFile; fileRef = 2CC0D9B81E5F12D100254181 /* libiconv.tbd */; };
		2CCC86EB1E62D163000CC894 /* VideoPlayer.swift in Sources */ = {isa = PBXBuildFile; fileRef = 2CCC86EA1E62D163000CC894 /* VideoPlayer.swift */; };
		2CCC86EC1E62D168000CC894 /* VideoPlayer.swift in Sources */ = {isa = PBXBuildFile; fileRef = 2CCC86EA1E62D163000CC894 /* VideoPlayer.swift */; };
		2CCC86F01E62D2A6000CC894 /* AVFoundation.framework in Frameworks */ = {isa = PBXBuildFile; fileRef = 2CCC86EF1E62D2A6000CC894 /* AVFoundation.framework */; };
		2CD9EF651E63210200E5F8DF /* MobileVLCKit.framework in Frameworks */ = {isa = PBXBuildFile; fileRef = 2CD9EF641E63210200E5F8DF /* MobileVLCKit.framework */; };
		2CD9EF671E63211000E5F8DF /* TVVLCKit.framework in Frameworks */ = {isa = PBXBuildFile; fileRef = 2CD9EF661E63211000E5F8DF /* TVVLCKit.framework */; };
		2CD9EF691E6321FC00E5F8DF /* VideoToolbox.framework in Frameworks */ = {isa = PBXBuildFile; fileRef = 2CD9EF681E6321FC00E5F8DF /* VideoToolbox.framework */; };
		2CD9EF6B1E63221500E5F8DF /* libc++.tbd in Frameworks */ = {isa = PBXBuildFile; fileRef = 2CD9EF6A1E63221500E5F8DF /* libc++.tbd */; };
		2CD9EF6D1E63223400E5F8DF /* CoreMedia.framework in Frameworks */ = {isa = PBXBuildFile; fileRef = 2CD9EF6C1E63223400E5F8DF /* CoreMedia.framework */; };
		2CD9EF6F1E6322F500E5F8DF /* libc++.tbd in Frameworks */ = {isa = PBXBuildFile; fileRef = 2CD9EF6E1E6322F500E5F8DF /* libc++.tbd */; };
		2CD9EF711E63236B00E5F8DF /* AudioToolbox.framework in Frameworks */ = {isa = PBXBuildFile; fileRef = 2CD9EF701E63236B00E5F8DF /* AudioToolbox.framework */; };
		2CD9EF731E63237E00E5F8DF /* AudioToolbox.framework in Frameworks */ = {isa = PBXBuildFile; fileRef = 2CD9EF721E63237E00E5F8DF /* AudioToolbox.framework */; };
		482D70A3D5314EC745E9891A /* Pods_WD_Content_TV.framework in Frameworks */ = {isa = PBXBuildFile; fileRef = 8F7DB5D9F0700699E453EE01 /* Pods_WD_Content_TV.framework */; };
		8DA998C81B9F7A300F9B196A /* Pods_WD_Content.framework in Frameworks */ = {isa = PBXBuildFile; fileRef = 3B99507DC87FCE29ED3D2682 /* Pods_WD_Content.framework */; };
/* End PBXBuildFile section */

/* Begin PBXFileReference section */
		11501F56CB5FC9471A87A990 /* Pods-WD Content TV.release.xcconfig */ = {isa = PBXFileReference; includeInIndex = 1; lastKnownFileType = text.xcconfig; name = "Pods-WD Content TV.release.xcconfig"; path = "Pods/Target Support Files/Pods-WD Content TV/Pods-WD Content TV.release.xcconfig"; sourceTree = "<group>"; };
		1CBEADC5914F841116498502 /* Pods-WD Content.release.xcconfig */ = {isa = PBXFileReference; includeInIndex = 1; lastKnownFileType = text.xcconfig; name = "Pods-WD Content.release.xcconfig"; path = "Pods/Target Support Files/Pods-WD Content/Pods-WD Content.release.xcconfig"; sourceTree = "<group>"; };
		2C11BD511E5F9C5A004A786F /* RightMenuVC.swift */ = {isa = PBXFileReference; fileEncoding = 4; lastKnownFileType = sourcecode.swift; path = RightMenuVC.swift; sourceTree = "<group>"; };
		2C11BD531E5F9C96004A786F /* MainVC.swift */ = {isa = PBXFileReference; fileEncoding = 4; lastKnownFileType = sourcecode.swift; path = MainVC.swift; sourceTree = "<group>"; };
		2C21331B1E5ED868002F267D /* WD Content.app */ = {isa = PBXFileReference; explicitFileType = wrapper.application; includeInIndex = 0; path = "WD Content.app"; sourceTree = BUILT_PRODUCTS_DIR; };
		2C21331E1E5ED869002F267D /* AppDelegate.swift */ = {isa = PBXFileReference; lastKnownFileType = sourcecode.swift; path = AppDelegate.swift; sourceTree = "<group>"; };
		2C2133231E5ED869002F267D /* Base */ = {isa = PBXFileReference; lastKnownFileType = file.storyboard; name = Base; path = Base.lproj/Main.storyboard; sourceTree = "<group>"; };
		2C2133251E5ED869002F267D /* Assets.xcassets */ = {isa = PBXFileReference; lastKnownFileType = folder.assetcatalog; path = Assets.xcassets; sourceTree = "<group>"; };
		2C2133281E5ED869002F267D /* Base */ = {isa = PBXFileReference; lastKnownFileType = file.storyboard; name = Base; path = Base.lproj/LaunchScreen.storyboard; sourceTree = "<group>"; };
		2C21332A1E5ED869002F267D /* Info.plist */ = {isa = PBXFileReference; lastKnownFileType = text.plist.xml; path = Info.plist; sourceTree = "<group>"; };
		2C21335C1E5EDF13002F267D /* WD Content TV.app */ = {isa = PBXFileReference; explicitFileType = wrapper.application; includeInIndex = 0; path = "WD Content TV.app"; sourceTree = BUILT_PRODUCTS_DIR; };
		2C21335E1E5EDF13002F267D /* AppDelegate.swift */ = {isa = PBXFileReference; lastKnownFileType = sourcecode.swift; path = AppDelegate.swift; sourceTree = "<group>"; };
		2C2133631E5EDF13002F267D /* Base */ = {isa = PBXFileReference; lastKnownFileType = file.storyboard; name = Base; path = Base.lproj/Main.storyboard; sourceTree = "<group>"; };
		2C2133651E5EDF13002F267D /* Assets.xcassets */ = {isa = PBXFileReference; lastKnownFileType = folder.assetcatalog; path = Assets.xcassets; sourceTree = "<group>"; };
		2C2133671E5EDF13002F267D /* Info.plist */ = {isa = PBXFileReference; lastKnownFileType = text.plist.xml; path = Info.plist; sourceTree = "<group>"; };
		2C3C266D1F233025000B82AF /* StorageController.swift */ = {isa = PBXFileReference; fileEncoding = 4; lastKnownFileType = sourcecode.swift; path = StorageController.swift; sourceTree = "<group>"; };
		2C3C266F1F233051000B82AF /* StorageCell.swift */ = {isa = PBXFileReference; fileEncoding = 4; lastKnownFileType = sourcecode.swift; path = StorageCell.swift; sourceTree = "<group>"; };
		2C3C26711F2348E4000B82AF /* FolderController.swift */ = {isa = PBXFileReference; fileEncoding = 4; lastKnownFileType = sourcecode.swift; path = FolderController.swift; sourceTree = "<group>"; };
		2C80B9471E60D2A300F44E56 /* ActionSheet.swift */ = {isa = PBXFileReference; fileEncoding = 4; lastKnownFileType = sourcecode.swift; name = ActionSheet.swift; path = CustomViews/ActionSheet.swift; sourceTree = "<group>"; };
		2C80B9481E60D2A300F44E56 /* ActionSheet.xib */ = {isa = PBXFileReference; fileEncoding = 4; lastKnownFileType = file.xib; name = ActionSheet.xib; path = CustomViews/ActionSheet.xib; sourceTree = "<group>"; };
		2C80B96B1E60D99A00F44E56 /* AVFoundation.framework */ = {isa = PBXFileReference; lastKnownFileType = wrapper.framework; name = AVFoundation.framework; path = System/Library/Frameworks/AVFoundation.framework; sourceTree = SDKROOT; };
		2C9347F91F21FE1200593EF2 /* logo.png */ = {isa = PBXFileReference; lastKnownFileType = image.png; path = logo.png; sourceTree = SOURCE_ROOT; };
		2C9347FC1F224EA400593EF2 /* CalibreWeb-Black.TTF */ = {isa = PBXFileReference; lastKnownFileType = file; name = "CalibreWeb-Black.TTF"; path = "font/CalibreWeb-Black.TTF"; sourceTree = "<group>"; };
		2C9347FD1F224EA400593EF2 /* CalibreWeb-BlackItalic.TTF */ = {isa = PBXFileReference; lastKnownFileType = file; name = "CalibreWeb-BlackItalic.TTF"; path = "font/CalibreWeb-BlackItalic.TTF"; sourceTree = "<group>"; };
		2C9347FE1F224EA400593EF2 /* CalibreWeb-Bold.TTF */ = {isa = PBXFileReference; lastKnownFileType = file; name = "CalibreWeb-Bold.TTF"; path = "font/CalibreWeb-Bold.TTF"; sourceTree = "<group>"; };
		2C9347FF1F224EA400593EF2 /* CalibreWeb-BoldItalic.TTF */ = {isa = PBXFileReference; lastKnownFileType = file; name = "CalibreWeb-BoldItalic.TTF"; path = "font/CalibreWeb-BoldItalic.TTF"; sourceTree = "<group>"; };
		2C9348001F224EA400593EF2 /* CalibreWeb-Italic.TTF */ = {isa = PBXFileReference; lastKnownFileType = file; name = "CalibreWeb-Italic.TTF"; path = "font/CalibreWeb-Italic.TTF"; sourceTree = "<group>"; };
		2C9348011F224EA400593EF2 /* CalibreWeb-Light.TTF */ = {isa = PBXFileReference; lastKnownFileType = file; name = "CalibreWeb-Light.TTF"; path = "font/CalibreWeb-Light.TTF"; sourceTree = "<group>"; };
		2C9348021F224EA400593EF2 /* CalibreWeb-LightItalic.TTF */ = {isa = PBXFileReference; lastKnownFileType = file; name = "CalibreWeb-LightItalic.TTF"; path = "font/CalibreWeb-LightItalic.TTF"; sourceTree = "<group>"; };
		2C9348031F224EA400593EF2 /* CalibreWeb-Medium.TTF */ = {isa = PBXFileReference; lastKnownFileType = file; name = "CalibreWeb-Medium.TTF"; path = "font/CalibreWeb-Medium.TTF"; sourceTree = "<group>"; };
		2C9348041F224EA400593EF2 /* CalibreWeb-MediumItalic.TTF */ = {isa = PBXFileReference; lastKnownFileType = file; name = "CalibreWeb-MediumItalic.TTF"; path = "font/CalibreWeb-MediumItalic.TTF"; sourceTree = "<group>"; };
		2C9348051F224EA400593EF2 /* CalibreWeb-Regular.TTF */ = {isa = PBXFileReference; lastKnownFileType = file; name = "CalibreWeb-Regular.TTF"; path = "font/CalibreWeb-Regular.TTF"; sourceTree = "<group>"; };
		2C9348061F224EA400593EF2 /* CalibreWeb-Semibold.TTF */ = {isa = PBXFileReference; lastKnownFileType = file; name = "CalibreWeb-Semibold.TTF"; path = "font/CalibreWeb-Semibold.TTF"; sourceTree = "<group>"; };
		2C9348071F224EA400593EF2 /* CalibreWeb-SemiboldItalic.TTF */ = {isa = PBXFileReference; lastKnownFileType = file; name = "CalibreWeb-SemiboldItalic.TTF"; path = "font/CalibreWeb-SemiboldItalic.TTF"; sourceTree = "<group>"; };
		2C9348081F224EA400593EF2 /* CalibreWeb-Thin.TTF */ = {isa = PBXFileReference; lastKnownFileType = file; name = "CalibreWeb-Thin.TTF"; path = "font/CalibreWeb-Thin.TTF"; sourceTree = "<group>"; };
		2C9348091F224EA400593EF2 /* CalibreWeb-ThinItalic.TTF */ = {isa = PBXFileReference; lastKnownFileType = file; name = "CalibreWeb-ThinItalic.TTF"; path = "font/CalibreWeb-ThinItalic.TTF"; sourceTree = "<group>"; };
		2C9549A41E5F2B1800A23CC5 /* ApiKeys.h */ = {isa = PBXFileReference; fileEncoding = 4; lastKnownFileType = sourcecode.c.h; name = ApiKeys.h; path = TMDB/ApiKeys.h; sourceTree = "<group>"; };
		2C9549A51E5F2B1800A23CC5 /* TMDB.h */ = {isa = PBXFileReference; fileEncoding = 4; lastKnownFileType = sourcecode.c.h; name = TMDB.h; path = TMDB/TMDB.h; sourceTree = "<group>"; };
		2C9549A61E5F2B1800A23CC5 /* TMDB.m */ = {isa = PBXFileReference; fileEncoding = 4; lastKnownFileType = sourcecode.c.objc; name = TMDB.m; path = TMDB/TMDB.m; sourceTree = "<group>"; };
		2C9549A81E5F32D100A23CC5 /* libiconv.tbd */ = {isa = PBXFileReference; lastKnownFileType = "sourcecode.text-based-dylib-definition"; name = libiconv.tbd; path = Platforms/AppleTVOS.platform/Developer/SDKs/AppleTVOS10.1.sdk/usr/lib/libiconv.tbd; sourceTree = DEVELOPER_DIR; };
		2C954A041E5F65CD00A23CC5 /* UIColorExtensions.swift */ = {isa = PBXFileReference; fileEncoding = 4; lastKnownFileType = sourcecode.swift; name = UIColorExtensions.swift; path = Extensions/UIColorExtensions.swift; sourceTree = "<group>"; };
		2C954A051E5F65CD00A23CC5 /* UIFontExtensions.swift */ = {isa = PBXFileReference; fileEncoding = 4; lastKnownFileType = sourcecode.swift; name = UIFontExtensions.swift; path = Extensions/UIFontExtensions.swift; sourceTree = "<group>"; };
		2C954A061E5F65CD00A23CC5 /* UIViewControllerExtensions.swift */ = {isa = PBXFileReference; fileEncoding = 4; lastKnownFileType = sourcecode.swift; name = UIViewControllerExtensions.swift; path = Extensions/UIViewControllerExtensions.swift; sourceTree = "<group>"; };
		2C954A071E5F65CD00A23CC5 /* UIViewExtensions.swift */ = {isa = PBXFileReference; fileEncoding = 4; lastKnownFileType = sourcecode.swift; name = UIViewExtensions.swift; path = Extensions/UIViewExtensions.swift; sourceTree = "<group>"; };
		2C9D1D1F1E65614100E6B882 /* TrackController.swift */ = {isa = PBXFileReference; fileEncoding = 4; lastKnownFileType = sourcecode.swift; name = TrackController.swift; path = Common/TrackController.swift; sourceTree = "<group>"; };
		2CA603F31E604A4F00335545 /* ContentController.swift */ = {isa = PBXFileReference; fileEncoding = 4; lastKnownFileType = sourcecode.swift; path = ContentController.swift; sourceTree = "<group>"; };
		2CA603F51E604D5700335545 /* ContentCell.swift */ = {isa = PBXFileReference; fileEncoding = 4; lastKnownFileType = sourcecode.swift; path = ContentCell.swift; sourceTree = "<group>"; };
		2CA603F91E60674400335545 /* LGAlertView.h */ = {isa = PBXFileReference; fileEncoding = 4; lastKnownFileType = sourcecode.c.h; name = LGAlertView.h; path = LGAlertSheet/LGAlertView.h; sourceTree = "<group>"; };
		2CA603FA1E60674400335545 /* LGAlertView.m */ = {isa = PBXFileReference; fileEncoding = 4; lastKnownFileType = sourcecode.c.objc; name = LGAlertView.m; path = LGAlertSheet/LGAlertView.m; sourceTree = "<group>"; };
		2CA603FB1E60674400335545 /* LGAlertView.xib */ = {isa = PBXFileReference; fileEncoding = 4; lastKnownFileType = file.xib; name = LGAlertView.xib; path = LGAlertSheet/LGAlertView.xib; sourceTree = "<group>"; };
		2CA603FC1E60674400335545 /* LGDecoratedAlertView.xib */ = {isa = PBXFileReference; fileEncoding = 4; lastKnownFileType = file.xib; name = LGDecoratedAlertView.xib; path = LGAlertSheet/LGDecoratedAlertView.xib; sourceTree = "<group>"; };
		2CA603FD1E60674400335545 /* LGProgressAlertView.xib */ = {isa = PBXFileReference; fileEncoding = 4; lastKnownFileType = file.xib; name = LGProgressAlertView.xib; path = LGAlertSheet/LGProgressAlertView.xib; sourceTree = "<group>"; };
		2CA603FE1E60674400335545 /* LGProgressView.h */ = {isa = PBXFileReference; fileEncoding = 4; lastKnownFileType = sourcecode.c.h; name = LGProgressView.h; path = LGAlertSheet/LGProgressView.h; sourceTree = "<group>"; };
		2CA603FF1E60674400335545 /* LGProgressView.m */ = {isa = PBXFileReference; fileEncoding = 4; lastKnownFileType = sourcecode.c.objc; name = LGProgressView.m; path = LGAlertSheet/LGProgressView.m; sourceTree = "<group>"; };
		2CA604001E60674400335545 /* LGTextFieldAlertView.xib */ = {isa = PBXFileReference; fileEncoding = 4; lastKnownFileType = file.xib; name = LGTextFieldAlertView.xib; path = LGAlertSheet/LGTextFieldAlertView.xib; sourceTree = "<group>"; };
		2CA604011E60674400335545 /* LGVAlertView.xib */ = {isa = PBXFileReference; fileEncoding = 4; lastKnownFileType = file.xib; name = LGVAlertView.xib; path = LGAlertSheet/LGVAlertView.xib; sourceTree = "<group>"; };
		2CA604021E60674400335545 /* NSPointerArray+AbstractionHelpers.h */ = {isa = PBXFileReference; fileEncoding = 4; lastKnownFileType = sourcecode.c.h; name = "NSPointerArray+AbstractionHelpers.h"; path = "LGAlertSheet/NSPointerArray+AbstractionHelpers.h"; sourceTree = "<group>"; };
		2CA604031E60674400335545 /* NSPointerArray+AbstractionHelpers.m */ = {isa = PBXFileReference; fileEncoding = 4; lastKnownFileType = sourcecode.c.objc; name = "NSPointerArray+AbstractionHelpers.m"; path = "LGAlertSheet/NSPointerArray+AbstractionHelpers.m"; sourceTree = "<group>"; };
		2CA6040C1E60675A00335545 /* PasswordInput.swift */ = {isa = PBXFileReference; fileEncoding = 4; lastKnownFileType = sourcecode.swift; name = PasswordInput.swift; path = CustomViews/PasswordInput.swift; sourceTree = "<group>"; };
		2CA6040D1E60675A00335545 /* PasswordInput.xib */ = {isa = PBXFileReference; fileEncoding = 4; lastKnownFileType = file.xib; name = PasswordInput.xib; path = CustomViews/PasswordInput.xib; sourceTree = "<group>"; };
		2CA604101E60679500335545 /* TextFieldContainer.swift */ = {isa = PBXFileReference; fileEncoding = 4; lastKnownFileType = sourcecode.swift; name = TextFieldContainer.swift; path = CustomViews/TextFieldContainer.swift; sourceTree = "<group>"; };
		2CA604131E60906B00335545 /* AddShareController.swift */ = {isa = PBXFileReference; fileEncoding = 4; lastKnownFileType = sourcecode.swift; name = AddShareController.swift; path = Common/AddShareController.swift; sourceTree = "<group>"; };
		2CA604141E60906B00335545 /* DeviceController.swift */ = {isa = PBXFileReference; fileEncoding = 4; lastKnownFileType = sourcecode.swift; name = DeviceController.swift; path = Common/DeviceController.swift; sourceTree = "<group>"; };
		2CA604191E60911200335545 /* InfoViewController.swift */ = {isa = PBXFileReference; fileEncoding = 4; lastKnownFileType = sourcecode.swift; name = InfoViewController.swift; path = ../Common/InfoViewController.swift; sourceTree = "<group>"; };
		2CA6041A1E60911200335545 /* SearchCell.swift */ = {isa = PBXFileReference; fileEncoding = 4; lastKnownFileType = sourcecode.swift; name = SearchCell.swift; path = Common/SearchCell.swift; sourceTree = "<group>"; };
		2CA6041B1E60911200335545 /* SearchInfoController.swift */ = {isa = PBXFileReference; fileEncoding = 4; lastKnownFileType = sourcecode.swift; name = SearchInfoController.swift; path = Common/SearchInfoController.swift; sourceTree = "<group>"; };
		2CAF5C871E6460C6005EA70C /* Node.swift */ = {isa = PBXFileReference; fileEncoding = 4; lastKnownFileType = sourcecode.swift; name = Node.swift; path = Model/Node.swift; sourceTree = "<group>"; };
		2CAF5C8A1E649BAD005EA70C /* Share+CoreDataClass.swift */ = {isa = PBXFileReference; fileEncoding = 4; lastKnownFileType = sourcecode.swift; name = "Share+CoreDataClass.swift"; path = "Model/Share+CoreDataClass.swift"; sourceTree = "<group>"; };
		2CAF5C8B1E649BAD005EA70C /* Share+CoreDataProperties.swift */ = {isa = PBXFileReference; fileEncoding = 4; lastKnownFileType = sourcecode.swift; name = "Share+CoreDataProperties.swift"; path = "Model/Share+CoreDataProperties.swift"; sourceTree = "<group>"; };
		2CAFA1CF1E70538E00EDE1E6 /* WDContent 2.xcdatamodel */ = {isa = PBXFileReference; lastKnownFileType = wrapper.xcdatamodel; path = "WDContent 2.xcdatamodel"; sourceTree = "<group>"; };
		2CC0D9521E5EFD5000254181 /* WD Content.entitlements */ = {isa = PBXFileReference; lastKnownFileType = text.plist.entitlements; path = "WD Content.entitlements"; sourceTree = "<group>"; };
		2CC0D9531E5EFD5900254181 /* WD Content TV.entitlements */ = {isa = PBXFileReference; lastKnownFileType = text.plist.entitlements; path = "WD Content TV.entitlements"; sourceTree = "<group>"; };
		2CC0D9541E5EFD6100254181 /* CloudKit.framework */ = {isa = PBXFileReference; lastKnownFileType = wrapper.framework; name = CloudKit.framework; path = Platforms/AppleTVOS.platform/Developer/SDKs/AppleTVOS10.1.sdk/System/Library/Frameworks/CloudKit.framework; sourceTree = DEVELOPER_DIR; };
		2CC0D9561E5EFD6A00254181 /* CloudKit.framework */ = {isa = PBXFileReference; lastKnownFileType = wrapper.framework; name = CloudKit.framework; path = System/Library/Frameworks/CloudKit.framework; sourceTree = SDKROOT; };
		2CC0D9591E5EFDD500254181 /* WDContent.xcdatamodel */ = {isa = PBXFileReference; lastKnownFileType = wrapper.xcdatamodel; path = WDContent.xcdatamodel; sourceTree = "<group>"; };
		2CC0D95C1E5F013A00254181 /* MetaInfo+CoreDataClass.swift */ = {isa = PBXFileReference; fileEncoding = 4; lastKnownFileType = sourcecode.swift; name = "MetaInfo+CoreDataClass.swift"; path = "Model/MetaInfo+CoreDataClass.swift"; sourceTree = "<group>"; };
		2CC0D95D1E5F013A00254181 /* MetaInfo+CoreDataProperties.swift */ = {isa = PBXFileReference; fileEncoding = 4; lastKnownFileType = sourcecode.swift; name = "MetaInfo+CoreDataProperties.swift"; path = "Model/MetaInfo+CoreDataProperties.swift"; sourceTree = "<group>"; };
		2CC0D96E1E5F01A900254181 /* Model.swift */ = {isa = PBXFileReference; fileEncoding = 4; lastKnownFileType = sourcecode.swift; name = Model.swift; path = Model/Model.swift; sourceTree = "<group>"; };
		2CC0D9931E5F106F00254181 /* WD Content-Bridging-Header.h */ = {isa = PBXFileReference; lastKnownFileType = sourcecode.c.h; path = "WD Content-Bridging-Header.h"; sourceTree = SOURCE_ROOT; };
		2CC0D9941E5F107000254181 /* WD Content TV-Bridging-Header.h */ = {isa = PBXFileReference; lastKnownFileType = sourcecode.c.h; path = "WD Content TV-Bridging-Header.h"; sourceTree = SOURCE_ROOT; };
		2CC0D9951E5F107000254181 /* SMBConnection.h */ = {isa = PBXFileReference; fileEncoding = 4; lastKnownFileType = sourcecode.c.h; name = SMBConnection.h; path = Samba/SMBConnection.h; sourceTree = "<group>"; };
		2CC0D9961E5F107000254181 /* SMBConnection.m */ = {isa = PBXFileReference; fileEncoding = 4; lastKnownFileType = sourcecode.c.objc; name = SMBConnection.m; path = Samba/SMBConnection.m; sourceTree = "<group>"; };
		2CC0D9991E5F107000254181 /* TONetBIOSNameService.h */ = {isa = PBXFileReference; fileEncoding = 4; lastKnownFileType = sourcecode.c.h; name = TONetBIOSNameService.h; path = Samba/TONetBIOSNameService.h; sourceTree = "<group>"; };
		2CC0D99A1E5F107000254181 /* TONetBIOSNameService.m */ = {isa = PBXFileReference; fileEncoding = 4; lastKnownFileType = sourcecode.c.objc; name = TONetBIOSNameService.m; path = Samba/TONetBIOSNameService.m; sourceTree = "<group>"; };
		2CC0D99B1E5F107000254181 /* TONetBIOSNameServiceEntry.h */ = {isa = PBXFileReference; fileEncoding = 4; lastKnownFileType = sourcecode.c.h; name = TONetBIOSNameServiceEntry.h; path = Samba/TONetBIOSNameServiceEntry.h; sourceTree = "<group>"; };
		2CC0D99C1E5F107000254181 /* TONetBIOSNameServiceEntry.m */ = {isa = PBXFileReference; fileEncoding = 4; lastKnownFileType = sourcecode.c.objc; name = TONetBIOSNameServiceEntry.m; path = Samba/TONetBIOSNameServiceEntry.m; sourceTree = "<group>"; };
		2CC0D99D1E5F107000254181 /* TONetBIOSNameServiceEntryPrivate.h */ = {isa = PBXFileReference; fileEncoding = 4; lastKnownFileType = sourcecode.c.h; name = TONetBIOSNameServiceEntryPrivate.h; path = Samba/TONetBIOSNameServiceEntryPrivate.h; sourceTree = "<group>"; };
		2CC0D99E1E5F107000254181 /* TOSMBConstants.h */ = {isa = PBXFileReference; fileEncoding = 4; lastKnownFileType = sourcecode.c.h; name = TOSMBConstants.h; path = Samba/TOSMBConstants.h; sourceTree = "<group>"; };
		2CC0D99F1E5F107000254181 /* TOSMBConstants.m */ = {isa = PBXFileReference; fileEncoding = 4; lastKnownFileType = sourcecode.c.objc; name = TOSMBConstants.m; path = Samba/TOSMBConstants.m; sourceTree = "<group>"; };
		2CC0D9B81E5F12D100254181 /* libiconv.tbd */ = {isa = PBXFileReference; lastKnownFileType = "sourcecode.text-based-dylib-definition"; name = libiconv.tbd; path = usr/lib/libiconv.tbd; sourceTree = SDKROOT; };
		2CCC86EA1E62D163000CC894 /* VideoPlayer.swift */ = {isa = PBXFileReference; fileEncoding = 4; lastKnownFileType = sourcecode.swift; name = VideoPlayer.swift; path = Common/VideoPlayer.swift; sourceTree = "<group>"; };
		2CCC86EF1E62D2A6000CC894 /* AVFoundation.framework */ = {isa = PBXFileReference; lastKnownFileType = wrapper.framework; name = AVFoundation.framework; path = Platforms/AppleTVOS.platform/Developer/SDKs/AppleTVOS10.1.sdk/System/Library/Frameworks/AVFoundation.framework; sourceTree = DEVELOPER_DIR; };
		2CD9EF641E63210200E5F8DF /* MobileVLCKit.framework */ = {isa = PBXFileReference; lastKnownFileType = wrapper.framework; path = MobileVLCKit.framework; sourceTree = "<group>"; };
		2CD9EF661E63211000E5F8DF /* TVVLCKit.framework */ = {isa = PBXFileReference; lastKnownFileType = wrapper.framework; path = TVVLCKit.framework; sourceTree = "<group>"; };
		2CD9EF681E6321FC00E5F8DF /* VideoToolbox.framework */ = {isa = PBXFileReference; lastKnownFileType = wrapper.framework; name = VideoToolbox.framework; path = System/Library/Frameworks/VideoToolbox.framework; sourceTree = SDKROOT; };
		2CD9EF6A1E63221500E5F8DF /* libc++.tbd */ = {isa = PBXFileReference; lastKnownFileType = "sourcecode.text-based-dylib-definition"; name = "libc++.tbd"; path = "usr/lib/libc++.tbd"; sourceTree = SDKROOT; };
		2CD9EF6C1E63223400E5F8DF /* CoreMedia.framework */ = {isa = PBXFileReference; lastKnownFileType = wrapper.framework; name = CoreMedia.framework; path = System/Library/Frameworks/CoreMedia.framework; sourceTree = SDKROOT; };
		2CD9EF6E1E6322F500E5F8DF /* libc++.tbd */ = {isa = PBXFileReference; lastKnownFileType = "sourcecode.text-based-dylib-definition"; name = "libc++.tbd"; path = "Platforms/AppleTVOS.platform/Developer/SDKs/AppleTVOS10.1.sdk/usr/lib/libc++.tbd"; sourceTree = DEVELOPER_DIR; };
		2CD9EF701E63236B00E5F8DF /* AudioToolbox.framework */ = {isa = PBXFileReference; lastKnownFileType = wrapper.framework; name = AudioToolbox.framework; path = System/Library/Frameworks/AudioToolbox.framework; sourceTree = SDKROOT; };
		2CD9EF721E63237E00E5F8DF /* AudioToolbox.framework */ = {isa = PBXFileReference; lastKnownFileType = wrapper.framework; name = AudioToolbox.framework; path = Platforms/AppleTVOS.platform/Developer/SDKs/AppleTVOS10.1.sdk/System/Library/Frameworks/AudioToolbox.framework; sourceTree = DEVELOPER_DIR; };
		2CDF06BE1F1F407C003583FF /* WDContent 3.xcdatamodel */ = {isa = PBXFileReference; lastKnownFileType = wrapper.xcdatamodel; path = "WDContent 3.xcdatamodel"; sourceTree = "<group>"; };
		3B99507DC87FCE29ED3D2682 /* Pods_WD_Content.framework */ = {isa = PBXFileReference; explicitFileType = wrapper.framework; includeInIndex = 0; path = Pods_WD_Content.framework; sourceTree = BUILT_PRODUCTS_DIR; };
		4B8EB8BEFADF777982312C79 /* Pods-WD Content TV.debug.xcconfig */ = {isa = PBXFileReference; includeInIndex = 1; lastKnownFileType = text.xcconfig; name = "Pods-WD Content TV.debug.xcconfig"; path = "Pods/Target Support Files/Pods-WD Content TV/Pods-WD Content TV.debug.xcconfig"; sourceTree = "<group>"; };
		642B394539105F19E127FC3D /* Pods-WD Content.debug.xcconfig */ = {isa = PBXFileReference; includeInIndex = 1; lastKnownFileType = text.xcconfig; name = "Pods-WD Content.debug.xcconfig"; path = "Pods/Target Support Files/Pods-WD Content/Pods-WD Content.debug.xcconfig"; sourceTree = "<group>"; };
		8F7DB5D9F0700699E453EE01 /* Pods_WD_Content_TV.framework */ = {isa = PBXFileReference; explicitFileType = wrapper.framework; includeInIndex = 0; path = Pods_WD_Content_TV.framework; sourceTree = BUILT_PRODUCTS_DIR; };
/* End PBXFileReference section */

/* Begin PBXFrameworksBuildPhase section */
		2C2133181E5ED867002F267D /* Frameworks */ = {
			isa = PBXFrameworksBuildPhase;
			buildActionMask = 2147483647;
			files = (
				2CD9EF6B1E63221500E5F8DF /* libc++.tbd in Frameworks */,
				2CC0D9B91E5F12D100254181 /* libiconv.tbd in Frameworks */,
				2CD9EF6D1E63223400E5F8DF /* CoreMedia.framework in Frameworks */,
				2CD9EF691E6321FC00E5F8DF /* VideoToolbox.framework in Frameworks */,
				2CD9EF651E63210200E5F8DF /* MobileVLCKit.framework in Frameworks */,
				2C80B96F1E60D9E300F44E56 /* AVFoundation.framework in Frameworks */,
				2CD9EF711E63236B00E5F8DF /* AudioToolbox.framework in Frameworks */,
				2CC0D9571E5EFD6A00254181 /* CloudKit.framework in Frameworks */,
				8DA998C81B9F7A300F9B196A /* Pods_WD_Content.framework in Frameworks */,
			);
			runOnlyForDeploymentPostprocessing = 0;
		};
		2C2133591E5EDF13002F267D /* Frameworks */ = {
			isa = PBXFrameworksBuildPhase;
			buildActionMask = 2147483647;
			files = (
				2CD9EF6F1E6322F500E5F8DF /* libc++.tbd in Frameworks */,
				2C9549A91E5F32D100A23CC5 /* libiconv.tbd in Frameworks */,
				2CD9EF671E63211000E5F8DF /* TVVLCKit.framework in Frameworks */,
				2CCC86F01E62D2A6000CC894 /* AVFoundation.framework in Frameworks */,
				2CD9EF731E63237E00E5F8DF /* AudioToolbox.framework in Frameworks */,
				2CC0D9551E5EFD6100254181 /* CloudKit.framework in Frameworks */,
				482D70A3D5314EC745E9891A /* Pods_WD_Content_TV.framework in Frameworks */,
			);
			runOnlyForDeploymentPostprocessing = 0;
		};
/* End PBXFrameworksBuildPhase section */

/* Begin PBXGroup section */
		2BAD10D42A12122D3AAF6434 /* Pods */ = {
			isa = PBXGroup;
			children = (
				642B394539105F19E127FC3D /* Pods-WD Content.debug.xcconfig */,
				1CBEADC5914F841116498502 /* Pods-WD Content.release.xcconfig */,
				4B8EB8BEFADF777982312C79 /* Pods-WD Content TV.debug.xcconfig */,
				11501F56CB5FC9471A87A990 /* Pods-WD Content TV.release.xcconfig */,
			);
			name = Pods;
			sourceTree = "<group>";
		};
		2C2133121E5ED867002F267D = {
			isa = PBXGroup;
			children = (
				2C954A031E5F65AA00A23CC5 /* Extensions */,
				2C9549A31E5F2B0800A23CC5 /* TMDB */,
				2CC0D9921E5F105900254181 /* Samba */,
				2CC0D9511E5EFD3200254181 /* Model */,
				2CA604121E60900F00335545 /* Common */,
				2C21331D1E5ED868002F267D /* WD Content */,
				2C21335D1E5EDF13002F267D /* WD Content TV */,
				2C21331C1E5ED868002F267D /* Products */,
				37BE737A4CCEF1A81F1E6BFE /* Frameworks */,
				2BAD10D42A12122D3AAF6434 /* Pods */,
			);
			sourceTree = "<group>";
		};
		2C21331C1E5ED868002F267D /* Products */ = {
			isa = PBXGroup;
			children = (
				2C21331B1E5ED868002F267D /* WD Content.app */,
				2C21335C1E5EDF13002F267D /* WD Content TV.app */,
			);
			name = Products;
			sourceTree = "<group>";
		};
		2C21331D1E5ED868002F267D /* WD Content */ = {
			isa = PBXGroup;
			children = (
				2CC0D9931E5F106F00254181 /* WD Content-Bridging-Header.h */,
				2CA603F71E60671E00335545 /* LGAlertView */,
				2CA603F81E60672A00335545 /* CustomViews */,
				2C21331E1E5ED869002F267D /* AppDelegate.swift */,
				2C11BD511E5F9C5A004A786F /* RightMenuVC.swift */,
				2C11BD531E5F9C96004A786F /* MainVC.swift */,
				2CA604191E60911200335545 /* InfoViewController.swift */,
				2CA603F31E604A4F00335545 /* ContentController.swift */,
				2CA603F51E604D5700335545 /* ContentCell.swift */,
				2C2133561E5EDE09002F267D /* Resources */,
			);
			path = "WD Content";
			sourceTree = "<group>";
		};
		2C2133561E5EDE09002F267D /* Resources */ = {
			isa = PBXGroup;
			children = (
				2C2133221E5ED869002F267D /* Main.storyboard */,
				2C2133251E5ED869002F267D /* Assets.xcassets */,
				2C2133271E5ED869002F267D /* LaunchScreen.storyboard */,
				2C21332A1E5ED869002F267D /* Info.plist */,
				2C9347F91F21FE1200593EF2 /* logo.png */,
				2C9347FB1F224E8700593EF2 /* font */,
				2CC0D9521E5EFD5000254181 /* WD Content.entitlements */,
			);
			name = Resources;
			sourceTree = "<group>";
		};
		2C21335D1E5EDF13002F267D /* WD Content TV */ = {
			isa = PBXGroup;
			children = (
				2CC0D9941E5F107000254181 /* WD Content TV-Bridging-Header.h */,
				2C21335E1E5EDF13002F267D /* AppDelegate.swift */,
				2C3C266D1F233025000B82AF /* StorageController.swift */,
				2C3C266F1F233051000B82AF /* StorageCell.swift */,
				2C3C26711F2348E4000B82AF /* FolderController.swift */,
				2C21336B1E5EDF38002F267D /* Resources */,
			);
			path = "WD Content TV";
			sourceTree = "<group>";
		};
		2C21336B1E5EDF38002F267D /* Resources */ = {
			isa = PBXGroup;
			children = (
				2C2133621E5EDF13002F267D /* Main.storyboard */,
				2C2133651E5EDF13002F267D /* Assets.xcassets */,
				2C2133671E5EDF13002F267D /* Info.plist */,
				2CC0D9531E5EFD5900254181 /* WD Content TV.entitlements */,
			);
			name = Resources;
			sourceTree = "<group>";
		};
		2C9347FB1F224E8700593EF2 /* font */ = {
			isa = PBXGroup;
			children = (
				2C9347FC1F224EA400593EF2 /* CalibreWeb-Black.TTF */,
				2C9347FD1F224EA400593EF2 /* CalibreWeb-BlackItalic.TTF */,
				2C9347FE1F224EA400593EF2 /* CalibreWeb-Bold.TTF */,
				2C9347FF1F224EA400593EF2 /* CalibreWeb-BoldItalic.TTF */,
				2C9348001F224EA400593EF2 /* CalibreWeb-Italic.TTF */,
				2C9348011F224EA400593EF2 /* CalibreWeb-Light.TTF */,
				2C9348021F224EA400593EF2 /* CalibreWeb-LightItalic.TTF */,
				2C9348031F224EA400593EF2 /* CalibreWeb-Medium.TTF */,
				2C9348041F224EA400593EF2 /* CalibreWeb-MediumItalic.TTF */,
				2C9348051F224EA400593EF2 /* CalibreWeb-Regular.TTF */,
				2C9348061F224EA400593EF2 /* CalibreWeb-Semibold.TTF */,
				2C9348071F224EA400593EF2 /* CalibreWeb-SemiboldItalic.TTF */,
				2C9348081F224EA400593EF2 /* CalibreWeb-Thin.TTF */,
				2C9348091F224EA400593EF2 /* CalibreWeb-ThinItalic.TTF */,
			);
			name = font;
			sourceTree = "<group>";
		};
		2C9549A31E5F2B0800A23CC5 /* TMDB */ = {
			isa = PBXGroup;
			children = (
				2C9549A41E5F2B1800A23CC5 /* ApiKeys.h */,
				2C9549A51E5F2B1800A23CC5 /* TMDB.h */,
				2C9549A61E5F2B1800A23CC5 /* TMDB.m */,
			);
			name = TMDB;
			sourceTree = "<group>";
		};
		2C954A031E5F65AA00A23CC5 /* Extensions */ = {
			isa = PBXGroup;
			children = (
				2C954A041E5F65CD00A23CC5 /* UIColorExtensions.swift */,
				2C954A051E5F65CD00A23CC5 /* UIFontExtensions.swift */,
				2C954A061E5F65CD00A23CC5 /* UIViewControllerExtensions.swift */,
				2C954A071E5F65CD00A23CC5 /* UIViewExtensions.swift */,
			);
			name = Extensions;
			sourceTree = "<group>";
		};
		2CA603F71E60671E00335545 /* LGAlertView */ = {
			isa = PBXGroup;
			children = (
				2CA603F91E60674400335545 /* LGAlertView.h */,
				2CA603FA1E60674400335545 /* LGAlertView.m */,
				2CA603FB1E60674400335545 /* LGAlertView.xib */,
				2CA603FC1E60674400335545 /* LGDecoratedAlertView.xib */,
				2CA603FD1E60674400335545 /* LGProgressAlertView.xib */,
				2CA603FE1E60674400335545 /* LGProgressView.h */,
				2CA603FF1E60674400335545 /* LGProgressView.m */,
				2CA604001E60674400335545 /* LGTextFieldAlertView.xib */,
				2CA604011E60674400335545 /* LGVAlertView.xib */,
				2CA604021E60674400335545 /* NSPointerArray+AbstractionHelpers.h */,
				2CA604031E60674400335545 /* NSPointerArray+AbstractionHelpers.m */,
			);
			name = LGAlertView;
			sourceTree = "<group>";
		};
		2CA603F81E60672A00335545 /* CustomViews */ = {
			isa = PBXGroup;
			children = (
				2C80B9471E60D2A300F44E56 /* ActionSheet.swift */,
				2C80B9481E60D2A300F44E56 /* ActionSheet.xib */,
				2CA604101E60679500335545 /* TextFieldContainer.swift */,
				2CA6040C1E60675A00335545 /* PasswordInput.swift */,
				2CA6040D1E60675A00335545 /* PasswordInput.xib */,
			);
			name = CustomViews;
			sourceTree = "<group>";
		};
		2CA604121E60900F00335545 /* Common */ = {
			isa = PBXGroup;
			children = (
				2CA6041A1E60911200335545 /* SearchCell.swift */,
				2CA6041B1E60911200335545 /* SearchInfoController.swift */,
				2CA604131E60906B00335545 /* AddShareController.swift */,
				2CA604141E60906B00335545 /* DeviceController.swift */,
				2CCC86EA1E62D163000CC894 /* VideoPlayer.swift */,
				2C9D1D1F1E65614100E6B882 /* TrackController.swift */,
			);
			name = Common;
			sourceTree = "<group>";
		};
		2CAF5C861E641A47005EA70C /* NetBIOS */ = {
			isa = PBXGroup;
			children = (
				2CC0D9991E5F107000254181 /* TONetBIOSNameService.h */,
				2CC0D99A1E5F107000254181 /* TONetBIOSNameService.m */,
				2CC0D99B1E5F107000254181 /* TONetBIOSNameServiceEntry.h */,
				2CC0D99C1E5F107000254181 /* TONetBIOSNameServiceEntry.m */,
				2CC0D99D1E5F107000254181 /* TONetBIOSNameServiceEntryPrivate.h */,
				2CC0D99E1E5F107000254181 /* TOSMBConstants.h */,
				2CC0D99F1E5F107000254181 /* TOSMBConstants.m */,
			);
			name = NetBIOS;
			sourceTree = "<group>";
		};
		2CC0D9511E5EFD3200254181 /* Model */ = {
			isa = PBXGroup;
			children = (
				2CC0D9581E5EFDD500254181 /* WDContent.xcdatamodeld */,
				2CAF5C8A1E649BAD005EA70C /* Share+CoreDataClass.swift */,
				2CAF5C8B1E649BAD005EA70C /* Share+CoreDataProperties.swift */,
				2CC0D95C1E5F013A00254181 /* MetaInfo+CoreDataClass.swift */,
				2CC0D95D1E5F013A00254181 /* MetaInfo+CoreDataProperties.swift */,
				2CAF5C871E6460C6005EA70C /* Node.swift */,
				2CC0D96E1E5F01A900254181 /* Model.swift */,
			);
			name = Model;
			sourceTree = "<group>";
		};
		2CC0D9921E5F105900254181 /* Samba */ = {
			isa = PBXGroup;
			children = (
				2CAF5C861E641A47005EA70C /* NetBIOS */,
				2CC0D9951E5F107000254181 /* SMBConnection.h */,
				2CC0D9961E5F107000254181 /* SMBConnection.m */,
			);
			name = Samba;
			sourceTree = "<group>";
		};
		37BE737A4CCEF1A81F1E6BFE /* Frameworks */ = {
			isa = PBXGroup;
			children = (
				2CD9EF6E1E6322F500E5F8DF /* libc++.tbd */,
				2CD9EF6A1E63221500E5F8DF /* libc++.tbd */,
				2C9549A81E5F32D100A23CC5 /* libiconv.tbd */,
				2CC0D9B81E5F12D100254181 /* libiconv.tbd */,
				2CD9EF6C1E63223400E5F8DF /* CoreMedia.framework */,
				2CD9EF681E6321FC00E5F8DF /* VideoToolbox.framework */,
				2CD9EF661E63211000E5F8DF /* TVVLCKit.framework */,
				2CD9EF641E63210200E5F8DF /* MobileVLCKit.framework */,
				2CCC86EF1E62D2A6000CC894 /* AVFoundation.framework */,
				2C80B96B1E60D99A00F44E56 /* AVFoundation.framework */,
				2CD9EF721E63237E00E5F8DF /* AudioToolbox.framework */,
				2CD9EF701E63236B00E5F8DF /* AudioToolbox.framework */,
				2CC0D9561E5EFD6A00254181 /* CloudKit.framework */,
				2CC0D9541E5EFD6100254181 /* CloudKit.framework */,
				3B99507DC87FCE29ED3D2682 /* Pods_WD_Content.framework */,
				8F7DB5D9F0700699E453EE01 /* Pods_WD_Content_TV.framework */,
			);
			name = Frameworks;
			sourceTree = "<group>";
		};
/* End PBXGroup section */

/* Begin PBXNativeTarget section */
		2C21331A1E5ED867002F267D /* WD Content */ = {
			isa = PBXNativeTarget;
			buildConfigurationList = 2C21332D1E5ED869002F267D /* Build configuration list for PBXNativeTarget "WD Content" */;
			buildPhases = (
				20EDAB48ED4317533506689E /* [CP] Check Pods Manifest.lock */,
				2C2133171E5ED867002F267D /* Sources */,
				2C2133181E5ED867002F267D /* Frameworks */,
				2C2133191E5ED867002F267D /* Resources */,
				DB2E00C5CF8AC0543B05EF75 /* [CP] Embed Pods Frameworks */,
				CCC4C256BBDDF655A2203030 /* [CP] Copy Pods Resources */,
			);
			buildRules = (
			);
			dependencies = (
			);
			name = "WD Content";
			productName = "WD Content";
			productReference = 2C21331B1E5ED868002F267D /* WD Content.app */;
			productType = "com.apple.product-type.application";
		};
		2C21335B1E5EDF13002F267D /* WD Content TV */ = {
			isa = PBXNativeTarget;
			buildConfigurationList = 2C2133681E5EDF13002F267D /* Build configuration list for PBXNativeTarget "WD Content TV" */;
			buildPhases = (
				6033A51A43238E8856F449FD /* [CP] Check Pods Manifest.lock */,
				2C2133581E5EDF13002F267D /* Sources */,
				2C2133591E5EDF13002F267D /* Frameworks */,
				2C21335A1E5EDF13002F267D /* Resources */,
				4187463FB5B00D057C66EB16 /* [CP] Embed Pods Frameworks */,
				E6A6CEFFB8D51F9A2D1D5387 /* [CP] Copy Pods Resources */,
			);
			buildRules = (
			);
			dependencies = (
			);
			name = "WD Content TV";
			productName = "WD Content TV";
			productReference = 2C21335C1E5EDF13002F267D /* WD Content TV.app */;
			productType = "com.apple.product-type.application";
		};
/* End PBXNativeTarget section */

/* Begin PBXProject section */
		2C2133131E5ED867002F267D /* Project object */ = {
			isa = PBXProject;
			attributes = {
				LastSwiftUpdateCheck = 0820;
				LastUpgradeCheck = 0820;
				ORGANIZATIONNAME = "V-Channel";
				TargetAttributes = {
					2C21331A1E5ED867002F267D = {
						CreatedOnToolsVersion = 8.2.1;
						DevelopmentTeam = 7TSVKXZ79P;
						LastSwiftMigration = 0820;
						ProvisioningStyle = Manual;
						SystemCapabilities = {
							com.apple.Push = {
								enabled = 1;
							};
							com.apple.iCloud = {
								enabled = 1;
							};
						};
					};
					2C21335B1E5EDF13002F267D = {
						CreatedOnToolsVersion = 8.2.1;
						DevelopmentTeam = 7TSVKXZ79P;
						LastSwiftMigration = 0820;
						ProvisioningStyle = Manual;
						SystemCapabilities = {
							com.apple.Push = {
								enabled = 1;
							};
							com.apple.iCloud = {
								enabled = 1;
							};
						};
					};
				};
			};
			buildConfigurationList = 2C2133161E5ED867002F267D /* Build configuration list for PBXProject "WD Content" */;
			compatibilityVersion = "Xcode 3.2";
			developmentRegion = English;
			hasScannedForEncodings = 0;
			knownRegions = (
				en,
				Base,
			);
			mainGroup = 2C2133121E5ED867002F267D;
			productRefGroup = 2C21331C1E5ED868002F267D /* Products */;
			projectDirPath = "";
			projectRoot = "";
			targets = (
				2C21331A1E5ED867002F267D /* WD Content */,
				2C21335B1E5EDF13002F267D /* WD Content TV */,
			);
		};
/* End PBXProject section */

/* Begin PBXResourcesBuildPhase section */
		2C2133191E5ED867002F267D /* Resources */ = {
			isa = PBXResourcesBuildPhase;
			buildActionMask = 2147483647;
			files = (
				2C9348171F224EA400593EF2 /* CalibreWeb-ThinItalic.TTF in Resources */,
				2C9348131F224EA400593EF2 /* CalibreWeb-Regular.TTF in Resources */,
				2CA604091E60674400335545 /* LGTextFieldAlertView.xib in Resources */,
				2CA6040F1E60675A00335545 /* PasswordInput.xib in Resources */,
				2C93480B1F224EA400593EF2 /* CalibreWeb-BlackItalic.TTF in Resources */,
				2C9348101F224EA400593EF2 /* CalibreWeb-LightItalic.TTF in Resources */,
				2C93480C1F224EA400593EF2 /* CalibreWeb-Bold.TTF in Resources */,
				2C93480E1F224EA400593EF2 /* CalibreWeb-Italic.TTF in Resources */,
				2C93480A1F224EA400593EF2 /* CalibreWeb-Black.TTF in Resources */,
				2C9348151F224EA400593EF2 /* CalibreWeb-SemiboldItalic.TTF in Resources */,
				2C9347FA1F21FE1200593EF2 /* logo.png in Resources */,
				2C9348141F224EA400593EF2 /* CalibreWeb-Semibold.TTF in Resources */,
				2C2133291E5ED869002F267D /* LaunchScreen.storyboard in Resources */,
				2C80B94A1E60D2A300F44E56 /* ActionSheet.xib in Resources */,
				2CA604071E60674400335545 /* LGProgressAlertView.xib in Resources */,
				2C93480F1F224EA400593EF2 /* CalibreWeb-Light.TTF in Resources */,
				2C9348161F224EA400593EF2 /* CalibreWeb-Thin.TTF in Resources */,
				2CA604061E60674400335545 /* LGDecoratedAlertView.xib in Resources */,
				2C93480D1F224EA400593EF2 /* CalibreWeb-BoldItalic.TTF in Resources */,
				2CA6040A1E60674400335545 /* LGVAlertView.xib in Resources */,
				2C2133261E5ED869002F267D /* Assets.xcassets in Resources */,
				2CA604051E60674400335545 /* LGAlertView.xib in Resources */,
				2C9348111F224EA400593EF2 /* CalibreWeb-Medium.TTF in Resources */,
				2C2133241E5ED869002F267D /* Main.storyboard in Resources */,
				2C9348121F224EA400593EF2 /* CalibreWeb-MediumItalic.TTF in Resources */,
			);
			runOnlyForDeploymentPostprocessing = 0;
		};
		2C21335A1E5EDF13002F267D /* Resources */ = {
			isa = PBXResourcesBuildPhase;
			buildActionMask = 2147483647;
			files = (
				2C2133661E5EDF13002F267D /* Assets.xcassets in Resources */,
				2C2133641E5EDF13002F267D /* Main.storyboard in Resources */,
			);
			runOnlyForDeploymentPostprocessing = 0;
		};
/* End PBXResourcesBuildPhase section */

/* Begin PBXShellScriptBuildPhase section */
		20EDAB48ED4317533506689E /* [CP] Check Pods Manifest.lock */ = {
			isa = PBXShellScriptBuildPhase;
			buildActionMask = 2147483647;
			files = (
			);
			inputPaths = (
			);
			name = "[CP] Check Pods Manifest.lock";
			outputPaths = (
			);
			runOnlyForDeploymentPostprocessing = 0;
			shellPath = /bin/sh;
			shellScript = "diff \"${PODS_ROOT}/../Podfile.lock\" \"${PODS_ROOT}/Manifest.lock\" > /dev/null\nif [ $? != 0 ] ; then\n    # print error to STDERR\n    echo \"error: The sandbox is not in sync with the Podfile.lock. Run 'pod install' or update your CocoaPods installation.\" >&2\n    exit 1\nfi\n";
			showEnvVarsInLog = 0;
		};
		4187463FB5B00D057C66EB16 /* [CP] Embed Pods Frameworks */ = {
			isa = PBXShellScriptBuildPhase;
			buildActionMask = 2147483647;
			files = (
			);
			inputPaths = (
			);
			name = "[CP] Embed Pods Frameworks";
			outputPaths = (
			);
			runOnlyForDeploymentPostprocessing = 0;
			shellPath = /bin/sh;
			shellScript = "\"${SRCROOT}/Pods/Target Support Files/Pods-WD Content TV/Pods-WD Content TV-frameworks.sh\"\n";
			showEnvVarsInLog = 0;
		};
		6033A51A43238E8856F449FD /* [CP] Check Pods Manifest.lock */ = {
			isa = PBXShellScriptBuildPhase;
			buildActionMask = 2147483647;
			files = (
			);
			inputPaths = (
			);
			name = "[CP] Check Pods Manifest.lock";
			outputPaths = (
			);
			runOnlyForDeploymentPostprocessing = 0;
			shellPath = /bin/sh;
			shellScript = "diff \"${PODS_ROOT}/../Podfile.lock\" \"${PODS_ROOT}/Manifest.lock\" > /dev/null\nif [ $? != 0 ] ; then\n    # print error to STDERR\n    echo \"error: The sandbox is not in sync with the Podfile.lock. Run 'pod install' or update your CocoaPods installation.\" >&2\n    exit 1\nfi\n";
			showEnvVarsInLog = 0;
		};
		CCC4C256BBDDF655A2203030 /* [CP] Copy Pods Resources */ = {
			isa = PBXShellScriptBuildPhase;
			buildActionMask = 2147483647;
			files = (
			);
			inputPaths = (
			);
			name = "[CP] Copy Pods Resources";
			outputPaths = (
			);
			runOnlyForDeploymentPostprocessing = 0;
			shellPath = /bin/sh;
			shellScript = "\"${SRCROOT}/Pods/Target Support Files/Pods-WD Content/Pods-WD Content-resources.sh\"\n";
			showEnvVarsInLog = 0;
		};
		DB2E00C5CF8AC0543B05EF75 /* [CP] Embed Pods Frameworks */ = {
			isa = PBXShellScriptBuildPhase;
			buildActionMask = 2147483647;
			files = (
			);
			inputPaths = (
			);
			name = "[CP] Embed Pods Frameworks";
			outputPaths = (
			);
			runOnlyForDeploymentPostprocessing = 0;
			shellPath = /bin/sh;
			shellScript = "\"${SRCROOT}/Pods/Target Support Files/Pods-WD Content/Pods-WD Content-frameworks.sh\"\n";
			showEnvVarsInLog = 0;
		};
		E6A6CEFFB8D51F9A2D1D5387 /* [CP] Copy Pods Resources */ = {
			isa = PBXShellScriptBuildPhase;
			buildActionMask = 2147483647;
			files = (
			);
			inputPaths = (
			);
			name = "[CP] Copy Pods Resources";
			outputPaths = (
			);
			runOnlyForDeploymentPostprocessing = 0;
			shellPath = /bin/sh;
			shellScript = "\"${SRCROOT}/Pods/Target Support Files/Pods-WD Content TV/Pods-WD Content TV-resources.sh\"\n";
			showEnvVarsInLog = 0;
		};
/* End PBXShellScriptBuildPhase section */

/* Begin PBXSourcesBuildPhase section */
		2C2133171E5ED867002F267D /* Sources */ = {
			isa = PBXSourcesBuildPhase;
			buildActionMask = 2147483647;
			files = (
				2CA604081E60674400335545 /* LGProgressView.m in Sources */,
				2C80B9491E60D2A300F44E56 /* ActionSheet.swift in Sources */,
				2CA6041D1E60911200335545 /* SearchCell.swift in Sources */,
				2CA604111E60679500335545 /* TextFieldContainer.swift in Sources */,
				2CA604041E60674400335545 /* LGAlertView.m in Sources */,
				2CAF5C881E6460C6005EA70C /* Node.swift in Sources */,
				2C21331F1E5ED869002F267D /* AppDelegate.swift in Sources */,
				2CAF5C8C1E649BAD005EA70C /* Share+CoreDataClass.swift in Sources */,
				2CA6040B1E60674400335545 /* NSPointerArray+AbstractionHelpers.m in Sources */,
				2CA6041C1E60911200335545 /* InfoViewController.swift in Sources */,
				2CA603F41E604A4F00335545 /* ContentController.swift in Sources */,
				2CC0D9A81E5F107000254181 /* TOSMBConstants.m in Sources */,
				2CC0D9621E5F013A00254181 /* MetaInfo+CoreDataClass.swift in Sources */,
				2CC0D9641E5F013A00254181 /* MetaInfo+CoreDataProperties.swift in Sources */,
				2C954A0F1E5F65D600A23CC5 /* UIViewExtensions.swift in Sources */,
				2CA6040E1E60675A00335545 /* PasswordInput.swift in Sources */,
				2CC0D9A61E5F107000254181 /* TONetBIOSNameServiceEntry.m in Sources */,
				2C954A0E1E5F65D600A23CC5 /* UIViewControllerExtensions.swift in Sources */,
				2CC0D96F1E5F01A900254181 /* Model.swift in Sources */,
				2C954A0D1E5F65D600A23CC5 /* UIFontExtensions.swift in Sources */,
				2CA604151E60906B00335545 /* AddShareController.swift in Sources */,
				2C954A0C1E5F65D600A23CC5 /* UIColorExtensions.swift in Sources */,
				2C9549A71E5F2B1800A23CC5 /* TMDB.m in Sources */,
				2CCC86EB1E62D163000CC894 /* VideoPlayer.swift in Sources */,
				2C9D1D201E65614100E6B882 /* TrackController.swift in Sources */,
				2CA6041E1E60911200335545 /* SearchInfoController.swift in Sources */,
				2C11BD541E5F9C96004A786F /* MainVC.swift in Sources */,
				2CC0D9A01E5F107000254181 /* SMBConnection.m in Sources */,
				2CC0D95A1E5EFDD500254181 /* WDContent.xcdatamodeld in Sources */,
				2C11BD521E5F9C5A004A786F /* RightMenuVC.swift in Sources */,
				2CA603F61E604D5700335545 /* ContentCell.swift in Sources */,
				2CA604161E60906B00335545 /* DeviceController.swift in Sources */,
				2CC0D9A41E5F107000254181 /* TONetBIOSNameService.m in Sources */,
				2CAF5C8E1E649BAD005EA70C /* Share+CoreDataProperties.swift in Sources */,
			);
			runOnlyForDeploymentPostprocessing = 0;
		};
		2C2133581E5EDF13002F267D /* Sources */ = {
			isa = PBXSourcesBuildPhase;
			buildActionMask = 2147483647;
			files = (
				2C21335F1E5EDF13002F267D /* AppDelegate.swift in Sources */,
				2CA604201E60911700335545 /* SearchCell.swift in Sources */,
				2C954A091E5F65CD00A23CC5 /* UIFontExtensions.swift in Sources */,
				2CC0D9A91E5F107000254181 /* TOSMBConstants.m in Sources */,
				2C9D1D211E65614100E6B882 /* TrackController.swift in Sources */,
				2CA604181E60907200335545 /* DeviceController.swift in Sources */,
				2CC0D9631E5F013A00254181 /* MetaInfo+CoreDataClass.swift in Sources */,
				2CC0D9651E5F013A00254181 /* MetaInfo+CoreDataProperties.swift in Sources */,
				2C954A081E5F65CD00A23CC5 /* UIColorExtensions.swift in Sources */,
				2CC0D9A71E5F107000254181 /* TONetBIOSNameServiceEntry.m in Sources */,
				2CC0D9701E5F01A900254181 /* Model.swift in Sources */,
				2C9549AA1E5F33AF00A23CC5 /* TMDB.m in Sources */,
				2C954A0A1E5F65CD00A23CC5 /* UIViewControllerExtensions.swift in Sources */,
				2CA604171E60907200335545 /* AddShareController.swift in Sources */,
				2CC0D9A11E5F107000254181 /* SMBConnection.m in Sources */,
				2CCC86EC1E62D168000CC894 /* VideoPlayer.swift in Sources */,
				2CA604211E60911700335545 /* SearchInfoController.swift in Sources */,
				2C954A0B1E5F65CD00A23CC5 /* UIViewExtensions.swift in Sources */,
				2CAF5C8D1E649BAD005EA70C /* Share+CoreDataClass.swift in Sources */,
				2CAF5C891E6460C6005EA70C /* Node.swift in Sources */,
				2C3C26701F233051000B82AF /* StorageCell.swift in Sources */,
				2CAF5C8F1E649BAD005EA70C /* Share+CoreDataProperties.swift in Sources */,
				2CC0D95B1E5EFDD500254181 /* WDContent.xcdatamodeld in Sources */,
				2C3C26721F2348E4000B82AF /* FolderController.swift in Sources */,
				2CC0D9A51E5F107000254181 /* TONetBIOSNameService.m in Sources */,
				2C3C266E1F233025000B82AF /* StorageController.swift in Sources */,
			);
			runOnlyForDeploymentPostprocessing = 0;
		};
/* End PBXSourcesBuildPhase section */

/* Begin PBXVariantGroup section */
		2C2133221E5ED869002F267D /* Main.storyboard */ = {
			isa = PBXVariantGroup;
			children = (
				2C2133231E5ED869002F267D /* Base */,
			);
			name = Main.storyboard;
			sourceTree = "<group>";
		};
		2C2133271E5ED869002F267D /* LaunchScreen.storyboard */ = {
			isa = PBXVariantGroup;
			children = (
				2C2133281E5ED869002F267D /* Base */,
			);
			name = LaunchScreen.storyboard;
			sourceTree = "<group>";
		};
		2C2133621E5EDF13002F267D /* Main.storyboard */ = {
			isa = PBXVariantGroup;
			children = (
				2C2133631E5EDF13002F267D /* Base */,
			);
			name = Main.storyboard;
			sourceTree = "<group>";
		};
/* End PBXVariantGroup section */

/* Begin XCBuildConfiguration section */
		2C21332B1E5ED869002F267D /* Debug */ = {
			isa = XCBuildConfiguration;
			buildSettings = {
				ALWAYS_SEARCH_USER_PATHS = NO;
				CLANG_ANALYZER_NONNULL = YES;
				CLANG_CXX_LANGUAGE_STANDARD = "gnu++0x";
				CLANG_CXX_LIBRARY = "libc++";
				CLANG_ENABLE_MODULES = YES;
				CLANG_ENABLE_OBJC_ARC = YES;
				CLANG_WARN_BOOL_CONVERSION = YES;
				CLANG_WARN_CONSTANT_CONVERSION = YES;
				CLANG_WARN_DIRECT_OBJC_ISA_USAGE = YES_ERROR;
				CLANG_WARN_DOCUMENTATION_COMMENTS = YES;
				CLANG_WARN_EMPTY_BODY = YES;
				CLANG_WARN_ENUM_CONVERSION = YES;
				CLANG_WARN_INFINITE_RECURSION = YES;
				CLANG_WARN_INT_CONVERSION = YES;
				CLANG_WARN_OBJC_ROOT_CLASS = YES_ERROR;
				CLANG_WARN_SUSPICIOUS_MOVE = YES;
				CLANG_WARN_UNREACHABLE_CODE = YES;
				CLANG_WARN__DUPLICATE_METHOD_MATCH = YES;
				"CODE_SIGN_IDENTITY[sdk=iphoneos*]" = "iPhone Developer";
				COPY_PHASE_STRIP = NO;
				DEBUG_INFORMATION_FORMAT = dwarf;
				ENABLE_STRICT_OBJC_MSGSEND = YES;
				ENABLE_TESTABILITY = YES;
				GCC_C_LANGUAGE_STANDARD = gnu99;
				GCC_DYNAMIC_NO_PIC = NO;
				GCC_NO_COMMON_BLOCKS = YES;
				GCC_OPTIMIZATION_LEVEL = 0;
				GCC_PREPROCESSOR_DEFINITIONS = (
					"DEBUG=1",
					"$(inherited)",
				);
				GCC_WARN_64_TO_32_BIT_CONVERSION = YES;
				GCC_WARN_ABOUT_RETURN_TYPE = YES_ERROR;
				GCC_WARN_UNDECLARED_SELECTOR = YES;
				GCC_WARN_UNINITIALIZED_AUTOS = YES_AGGRESSIVE;
				GCC_WARN_UNUSED_FUNCTION = YES;
				GCC_WARN_UNUSED_VARIABLE = YES;
				IPHONEOS_DEPLOYMENT_TARGET = 10.0;
				MTL_ENABLE_DEBUG_INFO = YES;
				ONLY_ACTIVE_ARCH = YES;
				SDKROOT = iphoneos;
				SWIFT_ACTIVE_COMPILATION_CONDITIONS = DEBUG;
				SWIFT_OPTIMIZATION_LEVEL = "-Onone";
				TARGETED_DEVICE_FAMILY = "1,2";
				VALID_ARCHS = arm64;
			};
			name = Debug;
		};
		2C21332C1E5ED869002F267D /* Release */ = {
			isa = XCBuildConfiguration;
			buildSettings = {
				ALWAYS_SEARCH_USER_PATHS = NO;
				CLANG_ANALYZER_NONNULL = YES;
				CLANG_CXX_LANGUAGE_STANDARD = "gnu++0x";
				CLANG_CXX_LIBRARY = "libc++";
				CLANG_ENABLE_MODULES = YES;
				CLANG_ENABLE_OBJC_ARC = YES;
				CLANG_WARN_BOOL_CONVERSION = YES;
				CLANG_WARN_CONSTANT_CONVERSION = YES;
				CLANG_WARN_DIRECT_OBJC_ISA_USAGE = YES_ERROR;
				CLANG_WARN_DOCUMENTATION_COMMENTS = YES;
				CLANG_WARN_EMPTY_BODY = YES;
				CLANG_WARN_ENUM_CONVERSION = YES;
				CLANG_WARN_INFINITE_RECURSION = YES;
				CLANG_WARN_INT_CONVERSION = YES;
				CLANG_WARN_OBJC_ROOT_CLASS = YES_ERROR;
				CLANG_WARN_SUSPICIOUS_MOVE = YES;
				CLANG_WARN_UNREACHABLE_CODE = YES;
				CLANG_WARN__DUPLICATE_METHOD_MATCH = YES;
				"CODE_SIGN_IDENTITY[sdk=iphoneos*]" = "iPhone Developer";
				COPY_PHASE_STRIP = NO;
				DEBUG_INFORMATION_FORMAT = "dwarf-with-dsym";
				ENABLE_NS_ASSERTIONS = NO;
				ENABLE_STRICT_OBJC_MSGSEND = YES;
				GCC_C_LANGUAGE_STANDARD = gnu99;
				GCC_NO_COMMON_BLOCKS = YES;
				GCC_WARN_64_TO_32_BIT_CONVERSION = YES;
				GCC_WARN_ABOUT_RETURN_TYPE = YES_ERROR;
				GCC_WARN_UNDECLARED_SELECTOR = YES;
				GCC_WARN_UNINITIALIZED_AUTOS = YES_AGGRESSIVE;
				GCC_WARN_UNUSED_FUNCTION = YES;
				GCC_WARN_UNUSED_VARIABLE = YES;
				IPHONEOS_DEPLOYMENT_TARGET = 10.0;
				MTL_ENABLE_DEBUG_INFO = NO;
				SDKROOT = iphoneos;
				SWIFT_OPTIMIZATION_LEVEL = "-Owholemodule";
				TARGETED_DEVICE_FAMILY = "1,2";
				VALIDATE_PRODUCT = YES;
				VALID_ARCHS = arm64;
			};
			name = Release;
		};
		2C21332E1E5ED869002F267D /* Debug */ = {
			isa = XCBuildConfiguration;
			baseConfigurationReference = 642B394539105F19E127FC3D /* Pods-WD Content.debug.xcconfig */;
			buildSettings = {
				ASSETCATALOG_COMPILER_APPICON_NAME = AppIcon;
				CLANG_ENABLE_MODULES = YES;
				CLANG_WARN_DOCUMENTATION_COMMENTS = NO;
				CODE_SIGN_ENTITLEMENTS = "WD Content/WD Content.entitlements";
				DEVELOPMENT_TEAM = 7TSVKXZ79P;
				ENABLE_BITCODE = YES;
				FRAMEWORK_SEARCH_PATHS = (
					"$(inherited)",
					"$(PROJECT_DIR)",
				);
				GCC_PREPROCESSOR_DEFINITIONS = (
					"$(inherited)",
					"COCOAPODS=1",
					"IOS=1",
				);
				HEADER_SEARCH_PATHS = (
					"$(inherited)",
					"$(PROJECT_DIR)/Samba/libdsm",
				);
				INFOPLIST_FILE = "WD Content/Info.plist";
				"IPHONEOS_DEPLOYMENT_TARGET[arch=*]" = 10.0;
				LD_RUNPATH_SEARCH_PATHS = "$(inherited) @executable_path/Frameworks";
				LIBRARY_SEARCH_PATHS = "$(inherited)";
				OTHER_SWIFT_FLAGS = "-DIOS";
				PRODUCT_BUNDLE_IDENTIFIER = "com.vchannel.wd-content";
				PRODUCT_NAME = "$(TARGET_NAME)";
				PROVISIONING_PROFILE = "4ac5fd34-405d-4969-b1cd-1be9d645fc19";
				PROVISIONING_PROFILE_SPECIFIER = "WD Content Development";
				SWIFT_OBJC_BRIDGING_HEADER = "WD Content-Bridging-Header.h";
				SWIFT_OPTIMIZATION_LEVEL = "-Onone";
				SWIFT_VERSION = 3.0;
				TVOS_DEPLOYMENT_TARGET = 10.1;
				"TVOS_DEPLOYMENT_TARGET[arch=*]" = 10.1;
			};
			name = Debug;
		};
		2C21332F1E5ED869002F267D /* Release */ = {
			isa = XCBuildConfiguration;
			baseConfigurationReference = 1CBEADC5914F841116498502 /* Pods-WD Content.release.xcconfig */;
			buildSettings = {
				ASSETCATALOG_COMPILER_APPICON_NAME = AppIcon;
				CLANG_ENABLE_MODULES = YES;
				CLANG_WARN_DOCUMENTATION_COMMENTS = NO;
				CODE_SIGN_ENTITLEMENTS = "WD Content/WD Content.entitlements";
				"CODE_SIGN_IDENTITY[sdk=iphoneos*]" = "iPhone Distribution";
				DEVELOPMENT_TEAM = 7TSVKXZ79P;
				ENABLE_BITCODE = YES;
				FRAMEWORK_SEARCH_PATHS = (
					"$(inherited)",
					"$(PROJECT_DIR)",
				);
				GCC_PREPROCESSOR_DEFINITIONS = (
					"$(inherited)",
					"COCOAPODS=1",
					"IOS=1",
				);
				HEADER_SEARCH_PATHS = (
					"$(inherited)",
					"$(PROJECT_DIR)/Samba/libdsm",
				);
				INFOPLIST_FILE = "WD Content/Info.plist";
				"IPHONEOS_DEPLOYMENT_TARGET[arch=*]" = 10.0;
				LD_RUNPATH_SEARCH_PATHS = "$(inherited) @executable_path/Frameworks";
				LIBRARY_SEARCH_PATHS = "$(inherited)";
				OTHER_SWIFT_FLAGS = "-DIOS";
				PRODUCT_BUNDLE_IDENTIFIER = "com.vchannel.wd-content";
				PRODUCT_NAME = "$(TARGET_NAME)";
				PROVISIONING_PROFILE = "f42749f6-5441-469e-98ee-e7bc7e3bd041";
				PROVISIONING_PROFILE_SPECIFIER = "WD Content AppStore";
				SWIFT_OBJC_BRIDGING_HEADER = "WD Content-Bridging-Header.h";
				SWIFT_VERSION = 3.0;
				TVOS_DEPLOYMENT_TARGET = 10.1;
				"TVOS_DEPLOYMENT_TARGET[arch=*]" = 10.1;
			};
			name = Release;
		};
		2C2133691E5EDF13002F267D /* Debug */ = {
			isa = XCBuildConfiguration;
			baseConfigurationReference = 4B8EB8BEFADF777982312C79 /* Pods-WD Content TV.debug.xcconfig */;
			buildSettings = {
				ASSETCATALOG_COMPILER_APPICON_NAME = "App Icon & Top Shelf Image";
				ASSETCATALOG_COMPILER_LAUNCHIMAGE_NAME = LaunchImage;
				CLANG_ENABLE_MODULES = YES;
				CLANG_WARN_DOCUMENTATION_COMMENTS = NO;
				CODE_SIGN_ENTITLEMENTS = "WD Content TV/WD Content TV.entitlements";
				DEVELOPMENT_TEAM = 7TSVKXZ79P;
				FRAMEWORK_SEARCH_PATHS = (
					"$(inherited)",
					"$(PROJECT_DIR)",
				);
				GCC_PREPROCESSOR_DEFINITIONS = (
					"$(inherited)",
					"COCOAPODS=1",
					"TV=1",
				);
				HEADER_SEARCH_PATHS = (
					"$(inherited)",
					"$(PROJECT_DIR)/Samba/libdsm",
				);
				INFOPLIST_FILE = "WD Content TV/Info.plist";
				LD_RUNPATH_SEARCH_PATHS = "$(inherited) @executable_path/Frameworks";
				LIBRARY_SEARCH_PATHS = "$(inherited)";
				OTHER_SWIFT_FLAGS = "$(inherited) -DTV";
				PRODUCT_BUNDLE_IDENTIFIER = "com.vchannel.wd-content";
				PRODUCT_NAME = "$(TARGET_NAME)";
				PROVISIONING_PROFILE = "beb9e78f-6384-41fd-8705-33f1b1183be8";
				PROVISIONING_PROFILE_SPECIFIER = "WD Content TV Development";
				SDKROOT = appletvos;
				SWIFT_OBJC_BRIDGING_HEADER = "WD Content TV-Bridging-Header.h";
				SWIFT_OPTIMIZATION_LEVEL = "-Onone";
				SWIFT_VERSION = 3.0;
				TARGETED_DEVICE_FAMILY = 3;
				TVOS_DEPLOYMENT_TARGET = 10.1;
			};
			name = Debug;
		};
		2C21336A1E5EDF13002F267D /* Release */ = {
			isa = XCBuildConfiguration;
			baseConfigurationReference = 11501F56CB5FC9471A87A990 /* Pods-WD Content TV.release.xcconfig */;
			buildSettings = {
				ASSETCATALOG_COMPILER_APPICON_NAME = "App Icon & Top Shelf Image";
				ASSETCATALOG_COMPILER_LAUNCHIMAGE_NAME = LaunchImage;
				CLANG_ENABLE_MODULES = YES;
				CLANG_WARN_DOCUMENTATION_COMMENTS = NO;
				CODE_SIGN_ENTITLEMENTS = "WD Content TV/WD Content TV.entitlements";
				"CODE_SIGN_IDENTITY[sdk=appletvos*]" = "iPhone Distribution";
				DEVELOPMENT_TEAM = 7TSVKXZ79P;
				FRAMEWORK_SEARCH_PATHS = (
					"$(inherited)",
					"$(PROJECT_DIR)",
				);
				GCC_PREPROCESSOR_DEFINITIONS = (
					"$(inherited)",
					"COCOAPODS=1",
					"TV=1",
				);
				HEADER_SEARCH_PATHS = (
					"$(inherited)",
					"$(PROJECT_DIR)/Samba/libdsm",
				);
				INFOPLIST_FILE = "WD Content TV/Info.plist";
				LD_RUNPATH_SEARCH_PATHS = "$(inherited) @executable_path/Frameworks";
				LIBRARY_SEARCH_PATHS = "$(inherited)";
				OTHER_SWIFT_FLAGS = "$(inherited) -DTV";
				PRODUCT_BUNDLE_IDENTIFIER = "com.vchannel.wd-content";
				PRODUCT_NAME = "$(TARGET_NAME)";
				PROVISIONING_PROFILE = "f43ffcea-198b-419a-a30e-746f7ef187dc";
				PROVISIONING_PROFILE_SPECIFIER = "WD Content TV AppStore";
				SDKROOT = appletvos;
				SWIFT_OBJC_BRIDGING_HEADER = "WD Content TV-Bridging-Header.h";
				SWIFT_VERSION = 3.0;
				TARGETED_DEVICE_FAMILY = 3;
				TVOS_DEPLOYMENT_TARGET = 10.1;
			};
			name = Release;
		};
/* End XCBuildConfiguration section */

/* Begin XCConfigurationList section */
		2C2133161E5ED867002F267D /* Build configuration list for PBXProject "WD Content" */ = {
			isa = XCConfigurationList;
			buildConfigurations = (
				2C21332B1E5ED869002F267D /* Debug */,
				2C21332C1E5ED869002F267D /* Release */,
			);
			defaultConfigurationIsVisible = 0;
			defaultConfigurationName = Release;
		};
		2C21332D1E5ED869002F267D /* Build configuration list for PBXNativeTarget "WD Content" */ = {
			isa = XCConfigurationList;
			buildConfigurations = (
				2C21332E1E5ED869002F267D /* Debug */,
				2C21332F1E5ED869002F267D /* Release */,
			);
			defaultConfigurationIsVisible = 0;
			defaultConfigurationName = Release;
		};
		2C2133681E5EDF13002F267D /* Build configuration list for PBXNativeTarget "WD Content TV" */ = {
			isa = XCConfigurationList;
			buildConfigurations = (
				2C2133691E5EDF13002F267D /* Debug */,
				2C21336A1E5EDF13002F267D /* Release */,
			);
			defaultConfigurationIsVisible = 0;
			defaultConfigurationName = Release;
		};
/* End XCConfigurationList section */

/* Begin XCVersionGroup section */
		2CC0D9581E5EFDD500254181 /* WDContent.xcdatamodeld */ = {
			isa = XCVersionGroup;
			children = (
				2CDF06BE1F1F407C003583FF /* WDContent 3.xcdatamodel */,
				2CAFA1CF1E70538E00EDE1E6 /* WDContent 2.xcdatamodel */,
				2CC0D9591E5EFDD500254181 /* WDContent.xcdatamodel */,
			);
			currentVersion = 2CDF06BE1F1F407C003583FF /* WDContent 3.xcdatamodel */;
			name = WDContent.xcdatamodeld;
			path = Model/WDContent.xcdatamodeld;
			sourceTree = "<group>";
			versionGroupType = wrapper.xcdatamodel;
		};
/* End XCVersionGroup section */
	};
	rootObject = 2C2133131E5ED867002F267D /* Project object */;
}
